// !$*UTF8*$!
{
	archiveVersion = 1;
	classes = {
	};
	objectVersion = 46;
	objects = {

/* Begin PBXBuildFile section */
		2BAE580D323DCBD32E4CAC79 /* Pods_McccSymbols_Tests.framework in Frameworks */ = {isa = PBXBuildFile; fileRef = 6B1F4B63B6E8D306BBEFFAED /* Pods_McccSymbols_Tests.framework */; };
		607FACD61AFB9204008FA782 /* AppDelegate.swift in Sources */ = {isa = PBXBuildFile; fileRef = 607FACD51AFB9204008FA782 /* AppDelegate.swift */; };
		607FACD81AFB9204008FA782 /* ViewController.swift in Sources */ = {isa = PBXBuildFile; fileRef = 607FACD71AFB9204008FA782 /* ViewController.swift */; };
		607FACDB1AFB9204008FA782 /* Main.storyboard in Resources */ = {isa = PBXBuildFile; fileRef = 607FACD91AFB9204008FA782 /* Main.storyboard */; };
		607FACDD1AFB9204008FA782 /* Images.xcassets in Resources */ = {isa = PBXBuildFile; fileRef = 607FACDC1AFB9204008FA782 /* Images.xcassets */; };
		607FACE01AFB9204008FA782 /* LaunchScreen.xib in Resources */ = {isa = PBXBuildFile; fileRef = 607FACDE1AFB9204008FA782 /* LaunchScreen.xib */; };
		607FACEC1AFB9204008FA782 /* Tests.swift in Sources */ = {isa = PBXBuildFile; fileRef = 607FACEB1AFB9204008FA782 /* Tests.swift */; };
		990867552E55ADA200AE4E1F /* UITableView+Extension.swift in Sources */ = {isa = PBXBuildFile; fileRef = 990867542E55ADA200AE4E1F /* UITableView+Extension.swift */; };
		990867572E55B44500AE4E1F /* ArraySafe.swift in Sources */ = {isa = PBXBuildFile; fileRef = 990867562E55B44500AE4E1F /* ArraySafe.swift */; };
		9908675A2E55B51900AE4E1F /* BounceEffectViewController.swift in Sources */ = {isa = PBXBuildFile; fileRef = 990867592E55B51900AE4E1F /* BounceEffectViewController.swift */; };
		990867602E55B82400AE4E1F /* VariableColorEffectViewController.swift in Sources */ = {isa = PBXBuildFile; fileRef = 9908675F2E55B82400AE4E1F /* VariableColorEffectViewController.swift */; };
		990867622E55E92D00AE4E1F /* PluseEffectViewController.swift in Sources */ = {isa = PBXBuildFile; fileRef = 990867612E55E92D00AE4E1F /* PluseEffectViewController.swift */; };
		990867642E55EAC700AE4E1F /* ScaleEffectViewController.swift in Sources */ = {isa = PBXBuildFile; fileRef = 990867632E55EAC700AE4E1F /* ScaleEffectViewController.swift */; };
		990867662E55F18200AE4E1F /* WiggleEffectViewController.swift in Sources */ = {isa = PBXBuildFile; fileRef = 990867652E55F18200AE4E1F /* WiggleEffectViewController.swift */; };
		990867682E55F73500AE4E1F /* AppearEffectViewController.swift in Sources */ = {isa = PBXBuildFile; fileRef = 990867672E55F73500AE4E1F /* AppearEffectViewController.swift */; };
		9908676A2E55F74700AE4E1F /* DisappearEffectViewController.swift in Sources */ = {isa = PBXBuildFile; fileRef = 990867692E55F74700AE4E1F /* DisappearEffectViewController.swift */; };
		9908676C2E55F74E00AE4E1F /* ReplaceEffectViewController.swift in Sources */ = {isa = PBXBuildFile; fileRef = 9908676B2E55F74E00AE4E1F /* ReplaceEffectViewController.swift */; };
		9908676E2E55FF3C00AE4E1F /* FixEffectViewController.swift in Sources */ = {isa = PBXBuildFile; fileRef = 9908676D2E55FF3C00AE4E1F /* FixEffectViewController.swift */; };
		990867702E56BE2400AE4E1F /* RotateEffectViewController.swift in Sources */ = {isa = PBXBuildFile; fileRef = 9908676F2E56BE2400AE4E1F /* RotateEffectViewController.swift */; };
		990867722E56BE2E00AE4E1F /* BreatheEffectViewController.swift in Sources */ = {isa = PBXBuildFile; fileRef = 990867712E56BE2E00AE4E1F /* BreatheEffectViewController.swift */; };
		9908678B2E56FD9700AE4E1F /* VariantSymbolViewController.swift in Sources */ = {isa = PBXBuildFile; fileRef = 9908678A2E56FD9700AE4E1F /* VariantSymbolViewController.swift */; };
		9908678E2E56FF0300AE4E1F /* RenderingModeViewController.swift in Sources */ = {isa = PBXBuildFile; fileRef = 9908678D2E56FF0300AE4E1F /* RenderingModeViewController.swift */; };
		990867912E56FFF700AE4E1F /* AppearanceSymbolViewController.swift in Sources */ = {isa = PBXBuildFile; fileRef = 990867902E56FFF700AE4E1F /* AppearanceSymbolViewController.swift */; };
		99E778D9722084F2B55580AF /* Pods_McccSymbols_Example.framework in Frameworks */ = {isa = PBXBuildFile; fileRef = 46B3DBCCDC584DF3144DFE12 /* Pods_McccSymbols_Example.framework */; };
/* End PBXBuildFile section */

/* Begin PBXContainerItemProxy section */
		607FACE61AFB9204008FA782 /* PBXContainerItemProxy */ = {
			isa = PBXContainerItemProxy;
			containerPortal = 607FACC81AFB9204008FA782 /* Project object */;
			proxyType = 1;
			remoteGlobalIDString = 607FACCF1AFB9204008FA782;
			remoteInfo = McccSymbols;
		};
/* End PBXContainerItemProxy section */

/* Begin PBXFileReference section */
		2A0E5800701AFD027D6C041D /* Pods-McccSymbols_Example.release.xcconfig */ = {isa = PBXFileReference; includeInIndex = 1; lastKnownFileType = text.xcconfig; name = "Pods-McccSymbols_Example.release.xcconfig"; path = "Target Support Files/Pods-McccSymbols_Example/Pods-McccSymbols_Example.release.xcconfig"; sourceTree = "<group>"; };
		46B3DBCCDC584DF3144DFE12 /* Pods_McccSymbols_Example.framework */ = {isa = PBXFileReference; explicitFileType = wrapper.framework; includeInIndex = 0; path = Pods_McccSymbols_Example.framework; sourceTree = BUILT_PRODUCTS_DIR; };
		47B57831E6206997BF302150 /* Pods-McccSymbols_Example.debug.xcconfig */ = {isa = PBXFileReference; includeInIndex = 1; lastKnownFileType = text.xcconfig; name = "Pods-McccSymbols_Example.debug.xcconfig"; path = "Target Support Files/Pods-McccSymbols_Example/Pods-McccSymbols_Example.debug.xcconfig"; sourceTree = "<group>"; };
		607FACD01AFB9204008FA782 /* McccSymbols_Example.app */ = {isa = PBXFileReference; explicitFileType = wrapper.application; includeInIndex = 0; path = McccSymbols_Example.app; sourceTree = BUILT_PRODUCTS_DIR; };
		607FACD41AFB9204008FA782 /* Info.plist */ = {isa = PBXFileReference; lastKnownFileType = text.plist.xml; path = Info.plist; sourceTree = "<group>"; };
		607FACD51AFB9204008FA782 /* AppDelegate.swift */ = {isa = PBXFileReference; lastKnownFileType = sourcecode.swift; path = AppDelegate.swift; sourceTree = "<group>"; };
		607FACD71AFB9204008FA782 /* ViewController.swift */ = {isa = PBXFileReference; lastKnownFileType = sourcecode.swift; path = ViewController.swift; sourceTree = "<group>"; };
		607FACDA1AFB9204008FA782 /* Base */ = {isa = PBXFileReference; lastKnownFileType = file.storyboard; name = Base; path = Base.lproj/Main.storyboard; sourceTree = "<group>"; };
		607FACDC1AFB9204008FA782 /* Images.xcassets */ = {isa = PBXFileReference; lastKnownFileType = folder.assetcatalog; path = Images.xcassets; sourceTree = "<group>"; };
		607FACDF1AFB9204008FA782 /* Base */ = {isa = PBXFileReference; lastKnownFileType = file.xib; name = Base; path = Base.lproj/LaunchScreen.xib; sourceTree = "<group>"; };
		607FACE51AFB9204008FA782 /* McccSymbols_Tests.xctest */ = {isa = PBXFileReference; explicitFileType = wrapper.cfbundle; includeInIndex = 0; path = McccSymbols_Tests.xctest; sourceTree = BUILT_PRODUCTS_DIR; };
		607FACEA1AFB9204008FA782 /* Info.plist */ = {isa = PBXFileReference; lastKnownFileType = text.plist.xml; path = Info.plist; sourceTree = "<group>"; };
		607FACEB1AFB9204008FA782 /* Tests.swift */ = {isa = PBXFileReference; lastKnownFileType = sourcecode.swift; path = Tests.swift; sourceTree = "<group>"; };
		6B1F4B63B6E8D306BBEFFAED /* Pods_McccSymbols_Tests.framework */ = {isa = PBXFileReference; explicitFileType = wrapper.framework; includeInIndex = 0; path = Pods_McccSymbols_Tests.framework; sourceTree = BUILT_PRODUCTS_DIR; };
		727B42156E0FA678018639C1 /* Pods-McccSymbols_Tests.debug.xcconfig */ = {isa = PBXFileReference; includeInIndex = 1; lastKnownFileType = text.xcconfig; name = "Pods-McccSymbols_Tests.debug.xcconfig"; path = "Target Support Files/Pods-McccSymbols_Tests/Pods-McccSymbols_Tests.debug.xcconfig"; sourceTree = "<group>"; };
		861F4C2B1216E612AB5275DB /* LICENSE */ = {isa = PBXFileReference; includeInIndex = 1; lastKnownFileType = text; name = LICENSE; path = ../LICENSE; sourceTree = "<group>"; };
		943FAD69049E6A54255D6DC2 /* README.md */ = {isa = PBXFileReference; includeInIndex = 1; lastKnownFileType = net.daringfireball.markdown; name = README.md; path = ../README.md; sourceTree = "<group>"; };
		990867542E55ADA200AE4E1F /* UITableView+Extension.swift */ = {isa = PBXFileReference; lastKnownFileType = sourcecode.swift; path = "UITableView+Extension.swift"; sourceTree = "<group>"; };
		990867562E55B44500AE4E1F /* ArraySafe.swift */ = {isa = PBXFileReference; lastKnownFileType = sourcecode.swift; path = ArraySafe.swift; sourceTree = "<group>"; };
		990867592E55B51900AE4E1F /* BounceEffectViewController.swift */ = {isa = PBXFileReference; lastKnownFileType = sourcecode.swift; path = BounceEffectViewController.swift; sourceTree = "<group>"; };
		9908675F2E55B82400AE4E1F /* VariableColorEffectViewController.swift */ = {isa = PBXFileReference; lastKnownFileType = sourcecode.swift; path = VariableColorEffectViewController.swift; sourceTree = "<group>"; };
		990867612E55E92D00AE4E1F /* PluseEffectViewController.swift */ = {isa = PBXFileReference; lastKnownFileType = sourcecode.swift; path = PluseEffectViewController.swift; sourceTree = "<group>"; };
		990867632E55EAC700AE4E1F /* ScaleEffectViewController.swift */ = {isa = PBXFileReference; lastKnownFileType = sourcecode.swift; path = ScaleEffectViewController.swift; sourceTree = "<group>"; };
		990867652E55F18200AE4E1F /* WiggleEffectViewController.swift */ = {isa = PBXFileReference; lastKnownFileType = sourcecode.swift; path = WiggleEffectViewController.swift; sourceTree = "<group>"; };
		990867672E55F73500AE4E1F /* AppearEffectViewController.swift */ = {isa = PBXFileReference; lastKnownFileType = sourcecode.swift; path = AppearEffectViewController.swift; sourceTree = "<group>"; };
		990867692E55F74700AE4E1F /* DisappearEffectViewController.swift */ = {isa = PBXFileReference; lastKnownFileType = sourcecode.swift; path = DisappearEffectViewController.swift; sourceTree = "<group>"; };
		9908676B2E55F74E00AE4E1F /* ReplaceEffectViewController.swift */ = {isa = PBXFileReference; lastKnownFileType = sourcecode.swift; path = ReplaceEffectViewController.swift; sourceTree = "<group>"; };
		9908676D2E55FF3C00AE4E1F /* FixEffectViewController.swift */ = {isa = PBXFileReference; lastKnownFileType = sourcecode.swift; path = FixEffectViewController.swift; sourceTree = "<group>"; };
		9908676F2E56BE2400AE4E1F /* RotateEffectViewController.swift */ = {isa = PBXFileReference; lastKnownFileType = sourcecode.swift; path = RotateEffectViewController.swift; sourceTree = "<group>"; };
		990867712E56BE2E00AE4E1F /* BreatheEffectViewController.swift */ = {isa = PBXFileReference; lastKnownFileType = sourcecode.swift; path = BreatheEffectViewController.swift; sourceTree = "<group>"; };
		9908678A2E56FD9700AE4E1F /* VariantSymbolViewController.swift */ = {isa = PBXFileReference; lastKnownFileType = sourcecode.swift; path = VariantSymbolViewController.swift; sourceTree = "<group>"; };
		9908678D2E56FF0300AE4E1F /* RenderingModeViewController.swift */ = {isa = PBXFileReference; lastKnownFileType = sourcecode.swift; path = RenderingModeViewController.swift; sourceTree = "<group>"; };
		990867902E56FFF700AE4E1F /* AppearanceSymbolViewController.swift */ = {isa = PBXFileReference; lastKnownFileType = sourcecode.swift; path = AppearanceSymbolViewController.swift; sourceTree = "<group>"; };
		BB589BCA9640974AB3394876 /* Pods-McccSymbols_Tests.release.xcconfig */ = {isa = PBXFileReference; includeInIndex = 1; lastKnownFileType = text.xcconfig; name = "Pods-McccSymbols_Tests.release.xcconfig"; path = "Target Support Files/Pods-McccSymbols_Tests/Pods-McccSymbols_Tests.release.xcconfig"; sourceTree = "<group>"; };
		DC70F01175D4F611BE870DA8 /* McccSymbols.podspec */ = {isa = PBXFileReference; includeInIndex = 1; lastKnownFileType = text; name = McccSymbols.podspec; path = ../McccSymbols.podspec; sourceTree = "<group>"; xcLanguageSpecificationIdentifier = xcode.lang.ruby; };
/* End PBXFileReference section */

/* Begin PBXFrameworksBuildPhase section */
		607FACCD1AFB9204008FA782 /* Frameworks */ = {
			isa = PBXFrameworksBuildPhase;
			buildActionMask = 2147483647;
			files = (
				99E778D9722084F2B55580AF /* Pods_McccSymbols_Example.framework in Frameworks */,
			);
			runOnlyForDeploymentPostprocessing = 0;
		};
		607FACE21AFB9204008FA782 /* Frameworks */ = {
			isa = PBXFrameworksBuildPhase;
			buildActionMask = 2147483647;
			files = (
				2BAE580D323DCBD32E4CAC79 /* Pods_McccSymbols_Tests.framework in Frameworks */,
			);
			runOnlyForDeploymentPostprocessing = 0;
		};
/* End PBXFrameworksBuildPhase section */

/* Begin PBXGroup section */
		058FAA886D8A230E0658AB04 /* Pods */ = {
			isa = PBXGroup;
			children = (
				47B57831E6206997BF302150 /* Pods-McccSymbols_Example.debug.xcconfig */,
				2A0E5800701AFD027D6C041D /* Pods-McccSymbols_Example.release.xcconfig */,
				727B42156E0FA678018639C1 /* Pods-McccSymbols_Tests.debug.xcconfig */,
				BB589BCA9640974AB3394876 /* Pods-McccSymbols_Tests.release.xcconfig */,
			);
			path = Pods;
			sourceTree = "<group>";
		};
		607FACC71AFB9204008FA782 = {
			isa = PBXGroup;
			children = (
				607FACF51AFB993E008FA782 /* Podspec Metadata */,
				607FACD21AFB9204008FA782 /* Example for McccSymbols */,
				607FACE81AFB9204008FA782 /* Tests */,
				607FACD11AFB9204008FA782 /* Products */,
				058FAA886D8A230E0658AB04 /* Pods */,
				A4307EDDAF96B9A27D00C01B /* Frameworks */,
			);
			sourceTree = "<group>";
		};
		607FACD11AFB9204008FA782 /* Products */ = {
			isa = PBXGroup;
			children = (
				607FACD01AFB9204008FA782 /* McccSymbols_Example.app */,
				607FACE51AFB9204008FA782 /* McccSymbols_Tests.xctest */,
			);
			name = Products;
			sourceTree = "<group>";
		};
		607FACD21AFB9204008FA782 /* Example for McccSymbols */ = {
			isa = PBXGroup;
			children = (
				607FACD51AFB9204008FA782 /* AppDelegate.swift */,
				607FACD71AFB9204008FA782 /* ViewController.swift */,
				9908678F2E56FFEB00AE4E1F /* Appearance */,
				9908678C2E56FEF700AE4E1F /* Rendering */,
				990867732E56FD1A00AE4E1F /* Variant */,
				990867582E55B50D00AE4E1F /* Effect */,
				990867532E55AD9100AE4E1F /* Base */,
				607FACD91AFB9204008FA782 /* Main.storyboard */,
				607FACDC1AFB9204008FA782 /* Images.xcassets */,
				607FACDE1AFB9204008FA782 /* LaunchScreen.xib */,
				607FACD31AFB9204008FA782 /* Supporting Files */,
			);
			name = "Example for McccSymbols";
			path = McccSymbols;
			sourceTree = "<group>";
		};
		607FACD31AFB9204008FA782 /* Supporting Files */ = {
			isa = PBXGroup;
			children = (
				607FACD41AFB9204008FA782 /* Info.plist */,
			);
			name = "Supporting Files";
			sourceTree = "<group>";
		};
		607FACE81AFB9204008FA782 /* Tests */ = {
			isa = PBXGroup;
			children = (
				607FACEB1AFB9204008FA782 /* Tests.swift */,
				607FACE91AFB9204008FA782 /* Supporting Files */,
			);
			path = Tests;
			sourceTree = "<group>";
		};
		607FACE91AFB9204008FA782 /* Supporting Files */ = {
			isa = PBXGroup;
			children = (
				607FACEA1AFB9204008FA782 /* Info.plist */,
			);
			name = "Supporting Files";
			sourceTree = "<group>";
		};
		607FACF51AFB993E008FA782 /* Podspec Metadata */ = {
			isa = PBXGroup;
			children = (
				DC70F01175D4F611BE870DA8 /* McccSymbols.podspec */,
				943FAD69049E6A54255D6DC2 /* README.md */,
				861F4C2B1216E612AB5275DB /* LICENSE */,
			);
			name = "Podspec Metadata";
			sourceTree = "<group>";
		};
		990867532E55AD9100AE4E1F /* Base */ = {
			isa = PBXGroup;
			children = (
				990867562E55B44500AE4E1F /* ArraySafe.swift */,
				990867542E55ADA200AE4E1F /* UITableView+Extension.swift */,
			);
			path = Base;
			sourceTree = "<group>";
		};
		990867582E55B50D00AE4E1F /* Effect */ = {
			isa = PBXGroup;
			children = (
				990867592E55B51900AE4E1F /* BounceEffectViewController.swift */,
				990867612E55E92D00AE4E1F /* PluseEffectViewController.swift */,
				990867632E55EAC700AE4E1F /* ScaleEffectViewController.swift */,
				990867652E55F18200AE4E1F /* WiggleEffectViewController.swift */,
				9908675F2E55B82400AE4E1F /* VariableColorEffectViewController.swift */,
				990867692E55F74700AE4E1F /* DisappearEffectViewController.swift */,
				990867672E55F73500AE4E1F /* AppearEffectViewController.swift */,
				990867712E56BE2E00AE4E1F /* BreatheEffectViewController.swift */,
				9908676F2E56BE2400AE4E1F /* RotateEffectViewController.swift */,
				9908676B2E55F74E00AE4E1F /* ReplaceEffectViewController.swift */,
				9908676D2E55FF3C00AE4E1F /* FixEffectViewController.swift */,
			);
			path = Effect;
			sourceTree = "<group>";
		};
		990867732E56FD1A00AE4E1F /* Variant */ = {
			isa = PBXGroup;
			children = (
				9908678A2E56FD9700AE4E1F /* VariantSymbolViewController.swift */,
			);
			path = Variant;
			sourceTree = "<group>";
		};
		9908678C2E56FEF700AE4E1F /* Rendering */ = {
			isa = PBXGroup;
			children = (
				9908678D2E56FF0300AE4E1F /* RenderingModeViewController.swift */,
			);
			path = Rendering;
			sourceTree = "<group>";
		};
		9908678F2E56FFEB00AE4E1F /* Appearance */ = {
			isa = PBXGroup;
			children = (
				990867902E56FFF700AE4E1F /* AppearanceSymbolViewController.swift */,
			);
			path = Appearance;
			sourceTree = "<group>";
		};
		A4307EDDAF96B9A27D00C01B /* Frameworks */ = {
			isa = PBXGroup;
			children = (
				46B3DBCCDC584DF3144DFE12 /* Pods_McccSymbols_Example.framework */,
				6B1F4B63B6E8D306BBEFFAED /* Pods_McccSymbols_Tests.framework */,
			);
			name = Frameworks;
			sourceTree = "<group>";
		};
/* End PBXGroup section */

/* Begin PBXNativeTarget section */
		607FACCF1AFB9204008FA782 /* McccSymbols_Example */ = {
			isa = PBXNativeTarget;
			buildConfigurationList = 607FACEF1AFB9204008FA782 /* Build configuration list for PBXNativeTarget "McccSymbols_Example" */;
			buildPhases = (
				05C1685CE71B6E114B207E63 /* [CP] Check Pods Manifest.lock */,
				607FACCC1AFB9204008FA782 /* Sources */,
				607FACCD1AFB9204008FA782 /* Frameworks */,
				607FACCE1AFB9204008FA782 /* Resources */,
				6EF1840298D8A86A8F2DFE03 /* [CP] Embed Pods Frameworks */,
			);
			buildRules = (
			);
			dependencies = (
			);
			name = McccSymbols_Example;
			productName = McccSymbols;
			productReference = 607FACD01AFB9204008FA782 /* McccSymbols_Example.app */;
			productType = "com.apple.product-type.application";
		};
		607FACE41AFB9204008FA782 /* McccSymbols_Tests */ = {
			isa = PBXNativeTarget;
			buildConfigurationList = 607FACF21AFB9204008FA782 /* Build configuration list for PBXNativeTarget "McccSymbols_Tests" */;
			buildPhases = (
				98785D733659B81118BD9E4F /* [CP] Check Pods Manifest.lock */,
				607FACE11AFB9204008FA782 /* Sources */,
				607FACE21AFB9204008FA782 /* Frameworks */,
				607FACE31AFB9204008FA782 /* Resources */,
				47BDFA164F4D6294F2F38D6C /* [CP] Embed Pods Frameworks */,
			);
			buildRules = (
			);
			dependencies = (
				607FACE71AFB9204008FA782 /* PBXTargetDependency */,
			);
			name = McccSymbols_Tests;
			productName = Tests;
			productReference = 607FACE51AFB9204008FA782 /* McccSymbols_Tests.xctest */;
			productType = "com.apple.product-type.bundle.unit-test";
		};
/* End PBXNativeTarget section */

/* Begin PBXProject section */
		607FACC81AFB9204008FA782 /* Project object */ = {
			isa = PBXProject;
			attributes = {
				LastSwiftUpdateCheck = 0830;
				LastUpgradeCheck = 0830;
				ORGANIZATIONNAME = CocoaPods;
				TargetAttributes = {
					607FACCF1AFB9204008FA782 = {
						CreatedOnToolsVersion = 6.3.1;
						LastSwiftMigration = 0900;
					};
					607FACE41AFB9204008FA782 = {
						CreatedOnToolsVersion = 6.3.1;
						LastSwiftMigration = 0900;
						TestTargetID = 607FACCF1AFB9204008FA782;
					};
				};
			};
			buildConfigurationList = 607FACCB1AFB9204008FA782 /* Build configuration list for PBXProject "McccSymbols" */;
			compatibilityVersion = "Xcode 3.2";
			developmentRegion = English;
			hasScannedForEncodings = 0;
			knownRegions = (
				English,
				en,
				Base,
			);
			mainGroup = 607FACC71AFB9204008FA782;
			productRefGroup = 607FACD11AFB9204008FA782 /* Products */;
			projectDirPath = "";
			projectRoot = "";
			targets = (
				607FACCF1AFB9204008FA782 /* McccSymbols_Example */,
				607FACE41AFB9204008FA782 /* McccSymbols_Tests */,
			);
		};
/* End PBXProject section */

/* Begin PBXResourcesBuildPhase section */
		607FACCE1AFB9204008FA782 /* Resources */ = {
			isa = PBXResourcesBuildPhase;
			buildActionMask = 2147483647;
			files = (
				607FACDB1AFB9204008FA782 /* Main.storyboard in Resources */,
				607FACE01AFB9204008FA782 /* LaunchScreen.xib in Resources */,
				607FACDD1AFB9204008FA782 /* Images.xcassets in Resources */,
			);
			runOnlyForDeploymentPostprocessing = 0;
		};
		607FACE31AFB9204008FA782 /* Resources */ = {
			isa = PBXResourcesBuildPhase;
			buildActionMask = 2147483647;
			files = (
			);
			runOnlyForDeploymentPostprocessing = 0;
		};
/* End PBXResourcesBuildPhase section */

/* Begin PBXShellScriptBuildPhase section */
		05C1685CE71B6E114B207E63 /* [CP] Check Pods Manifest.lock */ = {
			isa = PBXShellScriptBuildPhase;
			buildActionMask = 2147483647;
			files = (
			);
			inputFileListPaths = (
			);
			inputPaths = (
				"${PODS_PODFILE_DIR_PATH}/Podfile.lock",
				"${PODS_ROOT}/Manifest.lock",
			);
			name = "[CP] Check Pods Manifest.lock";
			outputFileListPaths = (
			);
			outputPaths = (
				"$(DERIVED_FILE_DIR)/Pods-McccSymbols_Example-checkManifestLockResult.txt",
			);
			runOnlyForDeploymentPostprocessing = 0;
			shellPath = /bin/sh;
			shellScript = "diff \"${PODS_PODFILE_DIR_PATH}/Podfile.lock\" \"${PODS_ROOT}/Manifest.lock\" > /dev/null\nif [ $? != 0 ] ; then\n    # print error to STDERR\n    echo \"error: The sandbox is not in sync with the Podfile.lock. Run 'pod install' or update your CocoaPods installation.\" >&2\n    exit 1\nfi\n# This output is used by Xcode 'outputs' to avoid re-running this script phase.\necho \"SUCCESS\" > \"${SCRIPT_OUTPUT_FILE_0}\"\n";
			showEnvVarsInLog = 0;
		};
		47BDFA164F4D6294F2F38D6C /* [CP] Embed Pods Frameworks */ = {
			isa = PBXShellScriptBuildPhase;
			buildActionMask = 2147483647;
			files = (
			);
			inputPaths = (
				"${PODS_ROOT}/Target Support Files/Pods-McccSymbols_Tests/Pods-McccSymbols_Tests-frameworks.sh",
				"${BUILT_PRODUCTS_DIR}/FBSnapshotTestCase/FBSnapshotTestCase.framework",
			);
			name = "[CP] Embed Pods Frameworks";
			outputPaths = (
				"${TARGET_BUILD_DIR}/${FRAMEWORKS_FOLDER_PATH}/FBSnapshotTestCase.framework",
			);
			runOnlyForDeploymentPostprocessing = 0;
			shellPath = /bin/sh;
			shellScript = "\"${PODS_ROOT}/Target Support Files/Pods-McccSymbols_Tests/Pods-McccSymbols_Tests-frameworks.sh\"\n";
			showEnvVarsInLog = 0;
		};
		6EF1840298D8A86A8F2DFE03 /* [CP] Embed Pods Frameworks */ = {
			isa = PBXShellScriptBuildPhase;
			buildActionMask = 2147483647;
			files = (
			);
			inputPaths = (
				"${PODS_ROOT}/Target Support Files/Pods-McccSymbols_Example/Pods-McccSymbols_Example-frameworks.sh",
				"${BUILT_PRODUCTS_DIR}/McccSymbols/McccSymbols.framework",
			);
			name = "[CP] Embed Pods Frameworks";
			outputPaths = (
				"${TARGET_BUILD_DIR}/${FRAMEWORKS_FOLDER_PATH}/McccSymbols.framework",
			);
			runOnlyForDeploymentPostprocessing = 0;
			shellPath = /bin/sh;
			shellScript = "\"${PODS_ROOT}/Target Support Files/Pods-McccSymbols_Example/Pods-McccSymbols_Example-frameworks.sh\"\n";
			showEnvVarsInLog = 0;
		};
		98785D733659B81118BD9E4F /* [CP] Check Pods Manifest.lock */ = {
			isa = PBXShellScriptBuildPhase;
			buildActionMask = 2147483647;
			files = (
			);
			inputFileListPaths = (
			);
			inputPaths = (
				"${PODS_PODFILE_DIR_PATH}/Podfile.lock",
				"${PODS_ROOT}/Manifest.lock",
			);
			name = "[CP] Check Pods Manifest.lock";
			outputFileListPaths = (
			);
			outputPaths = (
				"$(DERIVED_FILE_DIR)/Pods-McccSymbols_Tests-checkManifestLockResult.txt",
			);
			runOnlyForDeploymentPostprocessing = 0;
			shellPath = /bin/sh;
			shellScript = "diff \"${PODS_PODFILE_DIR_PATH}/Podfile.lock\" \"${PODS_ROOT}/Manifest.lock\" > /dev/null\nif [ $? != 0 ] ; then\n    # print error to STDERR\n    echo \"error: The sandbox is not in sync with the Podfile.lock. Run 'pod install' or update your CocoaPods installation.\" >&2\n    exit 1\nfi\n# This output is used by Xcode 'outputs' to avoid re-running this script phase.\necho \"SUCCESS\" > \"${SCRIPT_OUTPUT_FILE_0}\"\n";
			showEnvVarsInLog = 0;
		};
/* End PBXShellScriptBuildPhase section */

/* Begin PBXSourcesBuildPhase section */
		607FACCC1AFB9204008FA782 /* Sources */ = {
			isa = PBXSourcesBuildPhase;
			buildActionMask = 2147483647;
			files = (
				9908678B2E56FD9700AE4E1F /* VariantSymbolViewController.swift in Sources */,
				9908676A2E55F74700AE4E1F /* DisappearEffectViewController.swift in Sources */,
				990867912E56FFF700AE4E1F /* AppearanceSymbolViewController.swift in Sources */,
				9908675A2E55B51900AE4E1F /* BounceEffectViewController.swift in Sources */,
				9908676E2E55FF3C00AE4E1F /* FixEffectViewController.swift in Sources */,
				990867572E55B44500AE4E1F /* ArraySafe.swift in Sources */,
				9908678E2E56FF0300AE4E1F /* RenderingModeViewController.swift in Sources */,
				990867682E55F73500AE4E1F /* AppearEffectViewController.swift in Sources */,
				990867622E55E92D00AE4E1F /* PluseEffectViewController.swift in Sources */,
				607FACD81AFB9204008FA782 /* ViewController.swift in Sources */,
				607FACD61AFB9204008FA782 /* AppDelegate.swift in Sources */,
				990867552E55ADA200AE4E1F /* UITableView+Extension.swift in Sources */,
				990867722E56BE2E00AE4E1F /* BreatheEffectViewController.swift in Sources */,
				9908676C2E55F74E00AE4E1F /* ReplaceEffectViewController.swift in Sources */,
				990867642E55EAC700AE4E1F /* ScaleEffectViewController.swift in Sources */,
				990867662E55F18200AE4E1F /* WiggleEffectViewController.swift in Sources */,
				990867702E56BE2400AE4E1F /* RotateEffectViewController.swift in Sources */,
				990867602E55B82400AE4E1F /* VariableColorEffectViewController.swift in Sources */,
			);
			runOnlyForDeploymentPostprocessing = 0;
		};
		607FACE11AFB9204008FA782 /* Sources */ = {
			isa = PBXSourcesBuildPhase;
			buildActionMask = 2147483647;
			files = (
				607FACEC1AFB9204008FA782 /* Tests.swift in Sources */,
			);
			runOnlyForDeploymentPostprocessing = 0;
		};
/* End PBXSourcesBuildPhase section */

/* Begin PBXTargetDependency section */
		607FACE71AFB9204008FA782 /* PBXTargetDependency */ = {
			isa = PBXTargetDependency;
			target = 607FACCF1AFB9204008FA782 /* McccSymbols_Example */;
			targetProxy = 607FACE61AFB9204008FA782 /* PBXContainerItemProxy */;
		};
/* End PBXTargetDependency section */

/* Begin PBXVariantGroup section */
		607FACD91AFB9204008FA782 /* Main.storyboard */ = {
			isa = PBXVariantGroup;
			children = (
				607FACDA1AFB9204008FA782 /* Base */,
			);
			name = Main.storyboard;
			sourceTree = "<group>";
		};
		607FACDE1AFB9204008FA782 /* LaunchScreen.xib */ = {
			isa = PBXVariantGroup;
			children = (
				607FACDF1AFB9204008FA782 /* Base */,
			);
			name = LaunchScreen.xib;
			sourceTree = "<group>";
		};
/* End PBXVariantGroup section */

/* Begin XCBuildConfiguration section */
		607FACED1AFB9204008FA782 /* Debug */ = {
			isa = XCBuildConfiguration;
			buildSettings = {
				ALWAYS_SEARCH_USER_PATHS = NO;
				CLANG_CXX_LANGUAGE_STANDARD = "gnu++0x";
				CLANG_CXX_LIBRARY = "libc++";
				CLANG_ENABLE_MODULES = YES;
				CLANG_ENABLE_OBJC_ARC = YES;
				CLANG_WARN_BLOCK_CAPTURE_AUTORELEASING = YES;
				CLANG_WARN_BOOL_CONVERSION = YES;
				CLANG_WARN_COMMA = YES;
				CLANG_WARN_CONSTANT_CONVERSION = YES;
				CLANG_WARN_DIRECT_OBJC_ISA_USAGE = YES_ERROR;
				CLANG_WARN_EMPTY_BODY = YES;
				CLANG_WARN_ENUM_CONVERSION = YES;
				CLANG_WARN_INFINITE_RECURSION = YES;
				CLANG_WARN_INT_CONVERSION = YES;
				CLANG_WARN_NON_LITERAL_NULL_CONVERSION = YES;
				CLANG_WARN_OBJC_LITERAL_CONVERSION = YES;
				CLANG_WARN_OBJC_ROOT_CLASS = YES_ERROR;
				CLANG_WARN_RANGE_LOOP_ANALYSIS = YES;
				CLANG_WARN_STRICT_PROTOTYPES = YES;
				CLANG_WARN_SUSPICIOUS_MOVE = YES;
				CLANG_WARN_UNREACHABLE_CODE = YES;
				CLANG_WARN__DUPLICATE_METHOD_MATCH = YES;
				"CODE_SIGN_IDENTITY[sdk=iphoneos*]" = "iPhone Developer";
				COPY_PHASE_STRIP = NO;
				DEBUG_INFORMATION_FORMAT = "dwarf-with-dsym";
				ENABLE_STRICT_OBJC_MSGSEND = YES;
				ENABLE_TESTABILITY = YES;
				GCC_C_LANGUAGE_STANDARD = gnu99;
				GCC_DYNAMIC_NO_PIC = NO;
				GCC_NO_COMMON_BLOCKS = YES;
				GCC_OPTIMIZATION_LEVEL = 0;
				GCC_PREPROCESSOR_DEFINITIONS = (
					"DEBUG=1",
					"$(inherited)",
				);
				GCC_SYMBOLS_PRIVATE_EXTERN = NO;
				GCC_WARN_64_TO_32_BIT_CONVERSION = YES;
				GCC_WARN_ABOUT_RETURN_TYPE = YES_ERROR;
				GCC_WARN_UNDECLARED_SELECTOR = YES;
				GCC_WARN_UNINITIALIZED_AUTOS = YES_AGGRESSIVE;
				GCC_WARN_UNUSED_FUNCTION = YES;
				GCC_WARN_UNUSED_VARIABLE = YES;
				IPHONEOS_DEPLOYMENT_TARGET = 9.3;
				MTL_ENABLE_DEBUG_INFO = YES;
				ONLY_ACTIVE_ARCH = YES;
				SDKROOT = iphoneos;
				SWIFT_OPTIMIZATION_LEVEL = "-Onone";
			};
			name = Debug;
		};
		607FACEE1AFB9204008FA782 /* Release */ = {
			isa = XCBuildConfiguration;
			buildSettings = {
				ALWAYS_SEARCH_USER_PATHS = NO;
				CLANG_CXX_LANGUAGE_STANDARD = "gnu++0x";
				CLANG_CXX_LIBRARY = "libc++";
				CLANG_ENABLE_MODULES = YES;
				CLANG_ENABLE_OBJC_ARC = YES;
				CLANG_WARN_BLOCK_CAPTURE_AUTORELEASING = YES;
				CLANG_WARN_BOOL_CONVERSION = YES;
				CLANG_WARN_COMMA = YES;
				CLANG_WARN_CONSTANT_CONVERSION = YES;
				CLANG_WARN_DIRECT_OBJC_ISA_USAGE = YES_ERROR;
				CLANG_WARN_EMPTY_BODY = YES;
				CLANG_WARN_ENUM_CONVERSION = YES;
				CLANG_WARN_INFINITE_RECURSION = YES;
				CLANG_WARN_INT_CONVERSION = YES;
				CLANG_WARN_NON_LITERAL_NULL_CONVERSION = YES;
				CLANG_WARN_OBJC_LITERAL_CONVERSION = YES;
				CLANG_WARN_OBJC_ROOT_CLASS = YES_ERROR;
				CLANG_WARN_RANGE_LOOP_ANALYSIS = YES;
				CLANG_WARN_STRICT_PROTOTYPES = YES;
				CLANG_WARN_SUSPICIOUS_MOVE = YES;
				CLANG_WARN_UNREACHABLE_CODE = YES;
				CLANG_WARN__DUPLICATE_METHOD_MATCH = YES;
				"CODE_SIGN_IDENTITY[sdk=iphoneos*]" = "iPhone Developer";
				COPY_PHASE_STRIP = NO;
				DEBUG_INFORMATION_FORMAT = "dwarf-with-dsym";
				ENABLE_NS_ASSERTIONS = NO;
				ENABLE_STRICT_OBJC_MSGSEND = YES;
				GCC_C_LANGUAGE_STANDARD = gnu99;
				GCC_NO_COMMON_BLOCKS = YES;
				GCC_WARN_64_TO_32_BIT_CONVERSION = YES;
				GCC_WARN_ABOUT_RETURN_TYPE = YES_ERROR;
				GCC_WARN_UNDECLARED_SELECTOR = YES;
				GCC_WARN_UNINITIALIZED_AUTOS = YES_AGGRESSIVE;
				GCC_WARN_UNUSED_FUNCTION = YES;
				GCC_WARN_UNUSED_VARIABLE = YES;
				IPHONEOS_DEPLOYMENT_TARGET = 9.3;
				MTL_ENABLE_DEBUG_INFO = NO;
				SDKROOT = iphoneos;
				SWIFT_OPTIMIZATION_LEVEL = "-Owholemodule";
				VALIDATE_PRODUCT = YES;
			};
			name = Release;
		};
		607FACF01AFB9204008FA782 /* Debug */ = {
			isa = XCBuildConfiguration;
			baseConfigurationReference = 47B57831E6206997BF302150 /* Pods-McccSymbols_Example.debug.xcconfig */;
			buildSettings = {
				ASSETCATALOG_COMPILER_APPICON_NAME = AppIcon;
				INFOPLIST_FILE = McccSymbols/Info.plist;
				IPHONEOS_DEPLOYMENT_TARGET = 18;
				LD_RUNPATH_SEARCH_PATHS = "$(inherited) @executable_path/Frameworks";
				MODULE_NAME = ExampleApp;
				PRODUCT_BUNDLE_IDENTIFIER = "org.cocoapods.demo.$(PRODUCT_NAME:rfc1034identifier)";
				PRODUCT_NAME = "$(TARGET_NAME)";
				SWIFT_SWIFT3_OBJC_INFERENCE = Default;
				SWIFT_VERSION = 4.0;
			};
			name = Debug;
		};
		607FACF11AFB9204008FA782 /* Release */ = {
			isa = XCBuildConfiguration;
			baseConfigurationReference = 2A0E5800701AFD027D6C041D /* Pods-McccSymbols_Example.release.xcconfig */;
			buildSettings = {
				ASSETCATALOG_COMPILER_APPICON_NAME = AppIcon;
				INFOPLIST_FILE = McccSymbols/Info.plist;
				IPHONEOS_DEPLOYMENT_TARGET = 18;
				LD_RUNPATH_SEARCH_PATHS = "$(inherited) @executable_path/Frameworks";
				MODULE_NAME = ExampleApp;
				PRODUCT_BUNDLE_IDENTIFIER = "org.cocoapods.demo.$(PRODUCT_NAME:rfc1034identifier)";
				PRODUCT_NAME = "$(TARGET_NAME)";
				SWIFT_SWIFT3_OBJC_INFERENCE = Default;
				SWIFT_VERSION = 4.0;
			};
			name = Release;
		};
		607FACF31AFB9204008FA782 /* Debug */ = {
			isa = XCBuildConfiguration;
			baseConfigurationReference = 727B42156E0FA678018639C1 /* Pods-McccSymbols_Tests.debug.xcconfig */;
			buildSettings = {
				FRAMEWORK_SEARCH_PATHS = (
					"$(PLATFORM_DIR)/Developer/Library/Frameworks",
					"$(inherited)",
				);
				GCC_PREPROCESSOR_DEFINITIONS = (
					"DEBUG=1",
					"$(inherited)",
				);
				INFOPLIST_FILE = Tests/Info.plist;
				IPHONEOS_DEPLOYMENT_TARGET = 18;
				LD_RUNPATH_SEARCH_PATHS = "$(inherited) @executable_path/Frameworks @loader_path/Frameworks";
				PRODUCT_BUNDLE_IDENTIFIER = "org.cocoapods.$(PRODUCT_NAME:rfc1034identifier)";
				PRODUCT_NAME = "$(TARGET_NAME)";
				SWIFT_SWIFT3_OBJC_INFERENCE = Default;
				SWIFT_VERSION = 4.0;
				TEST_HOST = "$(BUILT_PRODUCTS_DIR)/McccSymbols_Example.app/McccSymbols_Example";
			};
			name = Debug;
		};
		607FACF41AFB9204008FA782 /* Release */ = {
			isa = XCBuildConfiguration;
			baseConfigurationReference = BB589BCA9640974AB3394876 /* Pods-McccSymbols_Tests.release.xcconfig */;
			buildSettings = {
				FRAMEWORK_SEARCH_PATHS = (
					"$(PLATFORM_DIR)/Developer/Library/Frameworks",
					"$(inherited)",
				);
				INFOPLIST_FILE = Tests/Info.plist;
				IPHONEOS_DEPLOYMENT_TARGET = 18;
				LD_RUNPATH_SEARCH_PATHS = "$(inherited) @executable_path/Frameworks @loader_path/Frameworks";
				PRODUCT_BUNDLE_IDENTIFIER = "org.cocoapods.$(PRODUCT_NAME:rfc1034identifier)";
				PRODUCT_NAME = "$(TARGET_NAME)";
				SWIFT_SWIFT3_OBJC_INFERENCE = Default;
				SWIFT_VERSION = 4.0;
				TEST_HOST = "$(BUILT_PRODUCTS_DIR)/McccSymbols_Example.app/McccSymbols_Example";
			};
			name = Release;
		};
/* End XCBuildConfiguration section */

/* Begin XCConfigurationList section */
		607FACCB1AFB9204008FA782 /* Build configuration list for PBXProject "McccSymbols" */ = {
			isa = XCConfigurationList;
			buildConfigurations = (
				607FACED1AFB9204008FA782 /* Debug */,
				607FACEE1AFB9204008FA782 /* Release */,
			);
			defaultConfigurationIsVisible = 0;
			defaultConfigurationName = Release;
		};
		607FACEF1AFB9204008FA782 /* Build configuration list for PBXNativeTarget "McccSymbols_Example" */ = {
			isa = XCConfigurationList;
			buildConfigurations = (
				607FACF01AFB9204008FA782 /* Debug */,
				607FACF11AFB9204008FA782 /* Release */,
			);
			defaultConfigurationIsVisible = 0;
			defaultConfigurationName = Release;
		};
		607FACF21AFB9204008FA782 /* Build configuration list for PBXNativeTarget "McccSymbols_Tests" */ = {
			isa = XCConfigurationList;
			buildConfigurations = (
				607FACF31AFB9204008FA782 /* Debug */,
				607FACF41AFB9204008FA782 /* Release */,
			);
			defaultConfigurationIsVisible = 0;
			defaultConfigurationName = Release;
		};
/* End XCConfigurationList section */
	};
	rootObject = 607FACC81AFB9204008FA782 /* Project object */;
}
